
Microsoft Visual Studio Solution File, Format Version 12.00
# Visual Studio Version 17
VisualStudioVersion = 17.0.31919.166
MinimumVisualStudioVersion = 10.0.40219.1
Project("{FAE04EC0-301F-11D3-BF4B-00C04F79EFBC}") = "ConsoleApp1", "ConsoleApp1\ConsoleApp1.csproj", "{29AD8A25-6340-455A-84FA-907D4AE8689E}"
EndProject
Global
	GlobalSection(SolutionConfigurationPlatforms) = preSolution
		Debug|Any CPU = Debug|Any CPU
		Release|Any CPU = Release|Any CPU
	EndGlobalSection
	GlobalSection(ProjectConfigurationPlatforms) = postSolution
		{29AD8A25-6340-455A-84FA-907D4AE8689E}.Debug|Any CPU.ActiveCfg = Debug|Any CPU
		{29AD8A25-6340-455A-84FA-907D4AE8689E}.Debug|Any CPU.Build.0 = Debug|Any CPU
		{29AD8A25-6340-455A-84FA-907D4AE8689E}.Release|Any CPU.ActiveCfg = Release|Any CPU
		{29AD8A25-6340-455A-84FA-907D4AE8689E}.Release|Any CPU.Build.0 = Release|Any CPU
	EndGlobalSection
	GlobalSection(SolutionProperties) = preSolution
		HideSolutionNode = FALSE
	EndGlobalSection
	GlobalSection(ExtensibilityGlobals) = postSolution
		SolutionGuid = {FA5D9EC1-4D81-4B39-B071-36603F67DD50}
	EndGlobalSection
EndGlobal
